// !$*UTF8*$!
{
	archiveVersion = 1;
	classes = {
	};
	objectVersion = 50;
	objects = {

/* Begin PBXBuildFile section */
		BA2E95BB25B2B04500FE0087 /* AppDelegate.swift in Sources */ = {isa = PBXBuildFile; fileRef = BA2E95BA25B2B04500FE0087 /* AppDelegate.swift */; };
		BA2E95BD25B2B04500FE0087 /* SceneDelegate.swift in Sources */ = {isa = PBXBuildFile; fileRef = BA2E95BC25B2B04500FE0087 /* SceneDelegate.swift */; };
		BA2E95C025B2B04500FE0087 /* day60Challenge.xcdatamodeld in Sources */ = {isa = PBXBuildFile; fileRef = BA2E95BE25B2B04500FE0087 /* day60Challenge.xcdatamodeld */; };
		BA2E95C225B2B04500FE0087 /* ContentView.swift in Sources */ = {isa = PBXBuildFile; fileRef = BA2E95C125B2B04500FE0087 /* ContentView.swift */; };
		BA2E95C425B2B04C00FE0087 /* Assets.xcassets in Resources */ = {isa = PBXBuildFile; fileRef = BA2E95C325B2B04C00FE0087 /* Assets.xcassets */; };
		BA2E95C725B2B04C00FE0087 /* Preview Assets.xcassets in Resources */ = {isa = PBXBuildFile; fileRef = BA2E95C625B2B04C00FE0087 /* Preview Assets.xcassets */; };
		BA2E95CA25B2B04C00FE0087 /* LaunchScreen.storyboard in Resources */ = {isa = PBXBuildFile; fileRef = BA2E95C825B2B04C00FE0087 /* LaunchScreen.storyboard */; };
		BA2E95D225B2B05F00FE0087 /* User.swift in Sources */ = {isa = PBXBuildFile; fileRef = BA2E95D125B2B05F00FE0087 /* User.swift */; };
		BA2E95D425B2B1D000FE0087 /* Friend.swift in Sources */ = {isa = PBXBuildFile; fileRef = BA2E95D325B2B1CF00FE0087 /* Friend.swift */; };
/* End PBXBuildFile section */

/* Begin PBXFileReference section */
		BA2E95B725B2B04500FE0087 /* day60Challenge.app */ = {isa = PBXFileReference; explicitFileType = wrapper.application; includeInIndex = 0; path = day60Challenge.app; sourceTree = BUILT_PRODUCTS_DIR; };
		BA2E95BA25B2B04500FE0087 /* AppDelegate.swift */ = {isa = PBXFileReference; lastKnownFileType = sourcecode.swift; path = AppDelegate.swift; sourceTree = "<group>"; };
		BA2E95BC25B2B04500FE0087 /* SceneDelegate.swift */ = {isa = PBXFileReference; lastKnownFileType = sourcecode.swift; path = SceneDelegate.swift; sourceTree = "<group>"; };
		BA2E95BF25B2B04500FE0087 /* day60Challenge.xcdatamodel */ = {isa = PBXFileReference; lastKnownFileType = wrapper.xcdatamodel; path = day60Challenge.xcdatamodel; sourceTree = "<group>"; };
		BA2E95C125B2B04500FE0087 /* ContentView.swift */ = {isa = PBXFileReference; lastKnownFileType = sourcecode.swift; path = ContentView.swift; sourceTree = "<group>"; };
		BA2E95C325B2B04C00FE0087 /* Assets.xcassets */ = {isa = PBXFileReference; lastKnownFileType = folder.assetcatalog; path = Assets.xcassets; sourceTree = "<group>"; };
		BA2E95C625B2B04C00FE0087 /* Preview Assets.xcassets */ = {isa = PBXFileReference; lastKnownFileType = folder.assetcatalog; path = "Preview Assets.xcassets"; sourceTree = "<group>"; };
		BA2E95C925B2B04C00FE0087 /* Base */ = {isa = PBXFileReference; lastKnownFileType = file.storyboard; name = Base; path = Base.lproj/LaunchScreen.storyboard; sourceTree = "<group>"; };
		BA2E95CB25B2B04C00FE0087 /* Info.plist */ = {isa = PBXFileReference; lastKnownFileType = text.plist.xml; path = Info.plist; sourceTree = "<group>"; };
		BA2E95D125B2B05F00FE0087 /* User.swift */ = {isa = PBXFileReference; lastKnownFileType = sourcecode.swift; path = User.swift; sourceTree = "<group>"; };
		BA2E95D325B2B1CF00FE0087 /* Friend.swift */ = {isa = PBXFileReference; lastKnownFileType = sourcecode.swift; path = Friend.swift; sourceTree = "<group>"; };
/* End PBXFileReference section */

/* Begin PBXFrameworksBuildPhase section */
		BA2E95B425B2B04500FE0087 /* Frameworks */ = {
			isa = PBXFrameworksBuildPhase;
			buildActionMask = 2147483647;
			files = (
			);
			runOnlyForDeploymentPostprocessing = 0;
		};
/* End PBXFrameworksBuildPhase section */

/* Begin PBXGroup section */
		BA2E95AE25B2B04500FE0087 = {
			isa = PBXGroup;
			children = (
				BA2E95B925B2B04500FE0087 /* day60Challenge */,
				BA2E95B825B2B04500FE0087 /* Products */,
			);
			sourceTree = "<group>";
		};
		BA2E95B825B2B04500FE0087 /* Products */ = {
			isa = PBXGroup;
			children = (
				BA2E95B725B2B04500FE0087 /* day60Challenge.app */,
			);
			name = Products;
			sourceTree = "<group>";
		};
		BA2E95B925B2B04500FE0087 /* day60Challenge */ = {
			isa = PBXGroup;
			children = (
				BA2E95BA25B2B04500FE0087 /* AppDelegate.swift */,
				BA2E95BC25B2B04500FE0087 /* SceneDelegate.swift */,
				BA2E95C125B2B04500FE0087 /* ContentView.swift */,
				BA2E95D125B2B05F00FE0087 /* User.swift */,
				BA2E95D325B2B1CF00FE0087 /* Friend.swift */,
				BA2E95C325B2B04C00FE0087 /* Assets.xcassets */,
				BA2E95C825B2B04C00FE0087 /* LaunchScreen.storyboard */,
				BA2E95CB25B2B04C00FE0087 /* Info.plist */,
				BA2E95BE25B2B04500FE0087 /* day60Challenge.xcdatamodeld */,
				BA2E95C525B2B04C00FE0087 /* Preview Content */,
			);
			path = day60Challenge;
			sourceTree = "<group>";
		};
		BA2E95C525B2B04C00FE0087 /* Preview Content */ = {
			isa = PBXGroup;
			children = (
				BA2E95C625B2B04C00FE0087 /* Preview Assets.xcassets */,
			);
			path = "Preview Content";
			sourceTree = "<group>";
		};
/* End PBXGroup section */

/* Begin PBXNativeTarget section */
		BA2E95B625B2B04500FE0087 /* day60Challenge */ = {
			isa = PBXNativeTarget;
			buildConfigurationList = BA2E95CE25B2B04C00FE0087 /* Build configuration list for PBXNativeTarget "day60Challenge" */;
			buildPhases = (
				BA2E95B325B2B04500FE0087 /* Sources */,
				BA2E95B425B2B04500FE0087 /* Frameworks */,
				BA2E95B525B2B04500FE0087 /* Resources */,
			);
			buildRules = (
			);
			dependencies = (
			);
			name = day60Challenge;
			productName = day60Challenge;
			productReference = BA2E95B725B2B04500FE0087 /* day60Challenge.app */;
			productType = "com.apple.product-type.application";
		};
/* End PBXNativeTarget section */

/* Begin PBXProject section */
		BA2E95AF25B2B04500FE0087 /* Project object */ = {
			isa = PBXProject;
			attributes = {
				LastSwiftUpdateCheck = 1160;
				LastUpgradeCheck = 1160;
				ORGANIZATIONNAME = "Amber Spadafora";
				TargetAttributes = {
					BA2E95B625B2B04500FE0087 = {
						CreatedOnToolsVersion = 11.6;
					};
				};
			};
			buildConfigurationList = BA2E95B225B2B04500FE0087 /* Build configuration list for PBXProject "day60Challenge" */;
			compatibilityVersion = "Xcode 9.3";
			developmentRegion = en;
			hasScannedForEncodings = 0;
			knownRegions = (
				en,
				Base,
			);
			mainGroup = BA2E95AE25B2B04500FE0087;
			productRefGroup = BA2E95B825B2B04500FE0087 /* Products */;
			projectDirPath = "";
			projectRoot = "";
			targets = (
				BA2E95B625B2B04500FE0087 /* day60Challenge */,
			);
		};
/* End PBXProject section */

/* Begin PBXResourcesBuildPhase section */
		BA2E95B525B2B04500FE0087 /* Resources */ = {
			isa = PBXResourcesBuildPhase;
			buildActionMask = 2147483647;
			files = (
				BA2E95CA25B2B04C00FE0087 /* LaunchScreen.storyboard in Resources */,
				BA2E95C725B2B04C00FE0087 /* Preview Assets.xcassets in Resources */,
				BA2E95C425B2B04C00FE0087 /* Assets.xcassets in Resources */,
			);
			runOnlyForDeploymentPostprocessing = 0;
		};
/* End PBXResourcesBuildPhase section */

/* Begin PBXSourcesBuildPhase section */
		BA2E95B325B2B04500FE0087 /* Sources */ = {
			isa = PBXSourcesBuildPhase;
			buildActionMask = 2147483647;
			files = (
				BA2E95BB25B2B04500FE0087 /* AppDelegate.swift in Sources */,
				BA2E95BD25B2B04500FE0087 /* SceneDelegate.swift in Sources */,
				BA2E95C225B2B04500FE0087 /* ContentView.swift in Sources */,
				BA2E95D425B2B1D000FE0087 /* Friend.swift in Sources */,
				BA2E95D225B2B05F00FE0087 /* User.swift in Sources */,
				BA2E95C025B2B04500FE0087 /* day60Challenge.xcdatamodeld in Sources */,
			);
			runOnlyForDeploymentPostprocessing = 0;
		};
/* End PBXSourcesBuildPhase section */

/* Begin PBXVariantGroup section */
		BA2E95C825B2B04C00FE0087 /* LaunchScreen.storyboard */ = {
			isa = PBXVariantGroup;
			children = (
				BA2E95C925B2B04C00FE0087 /* Base */,
			);
			name = LaunchScreen.storyboard;
			sourceTree = "<group>";
		};
/* End PBXVariantGroup section */

/* Begin XCBuildConfiguration section */
		BA2E95CC25B2B04C00FE0087 /* Debug */ = {
			isa = XCBuildConfiguration;
			buildSettings = {
				ALWAYS_SEARCH_USER_PATHS = NO;
				CLANG_ANALYZER_NONNULL = YES;
				CLANG_ANALYZER_NUMBER_OBJECT_CONVERSION = YES_AGGRESSIVE;
				CLANG_CXX_LANGUAGE_STANDARD = "gnu++14";
				CLANG_CXX_LIBRARY = "libc++";
				CLANG_ENABLE_MODULES = YES;
				CLANG_ENABLE_OBJC_ARC = YES;
				CLANG_ENABLE_OBJC_WEAK = YES;
				CLANG_WARN_BLOCK_CAPTURE_AUTORELEASING = YES;
				CLANG_WARN_BOOL_CONVERSION = YES;
				CLANG_WARN_COMMA = YES;
				CLANG_WARN_CONSTANT_CONVERSION = YES;
				CLANG_WARN_DEPRECATED_OBJC_IMPLEMENTATIONS = YES;
				CLANG_WARN_DIRECT_OBJC_ISA_USAGE = YES_ERROR;
				CLANG_WARN_DOCUMENTATION_COMMENTS = YES;
				CLANG_WARN_EMPTY_BODY = YES;
				CLANG_WARN_ENUM_CONVERSION = YES;
				CLANG_WARN_INFINITE_RECURSION = YES;
				CLANG_WARN_INT_CONVERSION = YES;
				CLANG_WARN_NON_LITERAL_NULL_CONVERSION = YES;
				CLANG_WARN_OBJC_IMPLICIT_RETAIN_SELF = YES;
				CLANG_WARN_OBJC_LITERAL_CONVERSION = YES;
				CLANG_WARN_OBJC_ROOT_CLASS = YES_ERROR;
				CLANG_WARN_RANGE_LOOP_ANALYSIS = YES;
				CLANG_WARN_STRICT_PROTOTYPES = YES;
				CLANG_WARN_SUSPICIOUS_MOVE = YES;
				CLANG_WARN_UNGUARDED_AVAILABILITY = YES_AGGRESSIVE;
				CLANG_WARN_UNREACHABLE_CODE = YES;
				CLANG_WARN__DUPLICATE_METHOD_MATCH = YES;
				COPY_PHASE_STRIP = NO;
				DEBUG_INFORMATION_FORMAT = dwarf;
				ENABLE_STRICT_OBJC_MSGSEND = YES;
				ENABLE_TESTABILITY = YES;
				GCC_C_LANGUAGE_STANDARD = gnu11;
				GCC_DYNAMIC_NO_PIC = NO;
				GCC_NO_COMMON_BLOCKS = YES;
				GCC_OPTIMIZATION_LEVEL = 0;
				GCC_PREPROCESSOR_DEFINITIONS = (
					"DEBUG=1",
					"$(inherited)",
				);
				GCC_WARN_64_TO_32_BIT_CONVERSION = YES;
				GCC_WARN_ABOUT_RETURN_TYPE = YES_ERROR;
				GCC_WARN_UNDECLARED_SELECTOR = YES;
				GCC_WARN_UNINITIALIZED_AUTOS = YES_AGGRESSIVE;
				GCC_WARN_UNUSED_FUNCTION = YES;
				GCC_WARN_UNUSED_VARIABLE = YES;
				IPHONEOS_DEPLOYMENT_TARGET = 13.6;
				MTL_ENABLE_DEBUG_INFO = INCLUDE_SOURCE;
				MTL_FAST_MATH = YES;
				ONLY_ACTIVE_ARCH = YES;
				SDKROOT = iphoneos;
				SWIFT_ACTIVE_COMPILATION_CONDITIONS = DEBUG;
				SWIFT_OPTIMIZATION_LEVEL = "-Onone";
			};
			name = Debug;
		};
		BA2E95CD25B2B04C00FE0087 /* Release */ = {
			isa = XCBuildConfiguration;
			buildSettings = {
				ALWAYS_SEARCH_USER_PATHS = NO;
				CLANG_ANALYZER_NONNULL = YES;
				CLANG_ANALYZER_NUMBER_OBJECT_CONVERSION = YES_AGGRESSIVE;
				CLANG_CXX_LANGUAGE_STANDARD = "gnu++14";
				CLANG_CXX_LIBRARY = "libc++";
				CLANG_ENABLE_MODULES = YES;
				CLANG_ENABLE_OBJC_ARC = YES;
				CLANG_ENABLE_OBJC_WEAK = YES;
				CLANG_WARN_BLOCK_CAPTURE_AUTORELEASING = YES;
				CLANG_WARN_BOOL_CONVERSION = YES;
				CLANG_WARN_COMMA = YES;
				CLANG_WARN_CONSTANT_CONVERSION = YES;
				CLANG_WARN_DEPRECATED_OBJC_IMPLEMENTATIONS = YES;
				CLANG_WARN_DIRECT_OBJC_ISA_USAGE = YES_ERROR;
				CLANG_WARN_DOCUMENTATION_COMMENTS = YES;
				CLANG_WARN_EMPTY_BODY = YES;
				CLANG_WARN_ENUM_CONVERSION = YES;
				CLANG_WARN_INFINITE_RECURSION = YES;
				CLANG_WARN_INT_CONVERSION = YES;
				CLANG_WARN_NON_LITERAL_NULL_CONVERSION = YES;
				CLANG_WARN_OBJC_IMPLICIT_RETAIN_SELF = YES;
				CLANG_WARN_OBJC_LITERAL_CONVERSION = YES;
				CLANG_WARN_OBJC_ROOT_CLASS = YES_ERROR;
				CLANG_WARN_RANGE_LOOP_ANALYSIS = YES;
				CLANG_WARN_STRICT_PROTOTYPES = YES;
				CLANG_WARN_SUSPICIOUS_MOVE = YES;
				CLANG_WARN_UNGUARDED_AVAILABILITY = YES_AGGRESSIVE;
				CLANG_WARN_UNREACHABLE_CODE = YES;
				CLANG_WARN__DUPLICATE_METHOD_MATCH = YES;
				COPY_PHASE_STRIP = NO;
				DEBUG_INFORMATION_FORMAT = "dwarf-with-dsym";
				ENABLE_NS_ASSERTIONS = NO;
				ENABLE_STRICT_OBJC_MSGSEND = YES;
				GCC_C_LANGUAGE_STANDARD = gnu11;
				GCC_NO_COMMON_BLOCKS = YES;
				GCC_WARN_64_TO_32_BIT_CONVERSION = YES;
				GCC_WARN_ABOUT_RETURN_TYPE = YES_ERROR;
				GCC_WARN_UNDECLARED_SELECTOR = YES;
				GCC_WARN_UNINITIALIZED_AUTOS = YES_AGGRESSIVE;
				GCC_WARN_UNUSED_FUNCTION = YES;
				GCC_WARN_UNUSED_VARIABLE = YES;
				IPHONEOS_DEPLOYMENT_TARGET = 13.6;
				MTL_ENABLE_DEBUG_INFO = NO;
				MTL_FAST_MATH = YES;
				SDKROOT = iphoneos;
				SWIFT_COMPILATION_MODE = wholemodule;
				SWIFT_OPTIMIZATION_LEVEL = "-O";
				VALIDATE_PRODUCT = YES;
			};
			name = Release;
		};
		BA2E95CF25B2B04C00FE0087 /* Debug */ = {
			isa = XCBuildConfiguration;
			buildSettings = {
				ASSETCATALOG_COMPILER_APPICON_NAME = AppIcon;
				CODE_SIGN_STYLE = Automatic;
				DEVELOPMENT_ASSET_PATHS = "\"day60Challenge/Preview Content\"";
				ENABLE_PREVIEWS = YES;
				INFOPLIST_FILE = day60Challenge/Info.plist;
				LD_RUNPATH_SEARCH_PATHS = (
					"$(inherited)",
					"@executable_path/Frameworks",
				);
				PRODUCT_BUNDLE_IDENTIFIER = aspadafora.day60Challenge;
				PRODUCT_NAME = "$(TARGET_NAME)";
				SWIFT_VERSION = 5.0;
				TARGETED_DEVICE_FAMILY = "1,2";
			};
			name = Debug;
		};
		BA2E95D025B2B04C00FE0087 /* Release */ = {
			isa = XCBuildConfiguration;
			buildSettings = {
				ASSETCATALOG_COMPILER_APPICON_NAME = AppIcon;
				CODE_SIGN_STYLE = Automatic;
				DEVELOPMENT_ASSET_PATHS = "\"day60Challenge/Preview Content\"";
				ENABLE_PREVIEWS = YES;
				INFOPLIST_FILE = day60Challenge/Info.plist;
				LD_RUNPATH_SEARCH_PATHS = (
					"$(inherited)",
					"@executable_path/Frameworks",
				);
				PRODUCT_BUNDLE_IDENTIFIER = aspadafora.day60Challenge;
				PRODUCT_NAME = "$(TARGET_NAME)";
				SWIFT_VERSION = 5.0;
				TARGETED_DEVICE_FAMILY = "1,2";
			};
			name = Release;
		};
/* End XCBuildConfiguration section */

/* Begin XCConfigurationList section */
		BA2E95B225B2B04500FE0087 /* Build configuration list for PBXProject "day60Challenge" */ = {
			isa = XCConfigurationList;
			buildConfigurations = (
				BA2E95CC25B2B04C00FE0087 /* Debug */,
				BA2E95CD25B2B04C00FE0087 /* Release */,
			);
			defaultConfigurationIsVisible = 0;
			defaultConfigurationName = Release;
		};
		BA2E95CE25B2B04C00FE0087 /* Build configuration list for PBXNativeTarget "day60Challenge" */ = {
			isa = XCConfigurationList;
			buildConfigurations = (
				BA2E95CF25B2B04C00FE0087 /* Debug */,
				BA2E95D025B2B04C00FE0087 /* Release */,
			);
			defaultConfigurationIsVisible = 0;
			defaultConfigurationName = Release;
		};
/* End XCConfigurationList section */

/* Begin XCVersionGroup section */
		BA2E95BE25B2B04500FE0087 /* day60Challenge.xcdatamodeld */ = {
			isa = XCVersionGroup;
			children = (
				BA2E95BF25B2B04500FE0087 /* day60Challenge.xcdatamodel */,
			);
			currentVersion = BA2E95BF25B2B04500FE0087 /* day60Challenge.xcdatamodel */;
			path = day60Challenge.xcdatamodeld;
			sourceTree = "<group>";
			versionGroupType = wrapper.xcdatamodel;
		};
/* End XCVersionGroup section */
	};
	rootObject = BA2E95AF25B2B04500FE0087 /* Project object */;
}
